
Microsoft Visual Studio Solution File, Format Version 12.00
# Visual Studio Version 17
VisualStudioVersion = 17.0.32002.185
MinimumVisualStudioVersion = 10.0.40219.1
Project("{FAE04EC0-301F-11D3-BF4B-00C04F79EFBC}") = "rest-api", "rest-api\rest-api.csproj", "{FB6B0675-F011-4337-8CBB-F87D0B0FD386}"
EndProject
Global
	GlobalSection(SolutionConfigurationPlatforms) = preSolution
		Debug|Any CPU = Debug|Any CPU
		Release|Any CPU = Release|Any CPU
	EndGlobalSection
	GlobalSection(ProjectConfigurationPlatforms) = postSolution
		{FB6B0675-F011-4337-8CBB-F87D0B0FD386}.Debug|Any CPU.ActiveCfg = Debug|Any CPU
		{FB6B0675-F011-4337-8CBB-F87D0B0FD386}.Debug|Any CPU.Build.0 = Debug|Any CPU
		{FB6B0675-F011-4337-8CBB-F87D0B0FD386}.Release|Any CPU.ActiveCfg = Release|Any CPU
		{FB6B0675-F011-4337-8CBB-F87D0B0FD386}.Release|Any CPU.Build.0 = Release|Any CPU
	EndGlobalSection
	GlobalSection(SolutionProperties) = preSolution
		HideSolutionNode = FALSE
	EndGlobalSection
	GlobalSection(ExtensibilityGlobals) = postSolution
		SolutionGuid = {0FF980E1-9963-4639-BFBB-E4C60B1277D8}
	EndGlobalSection
EndGlobal
